
Microsoft Visual Studio Solution File, Format Version 12.00
# Visual Studio Version 17
VisualStudioVersion = 17.10.35027.167
MinimumVisualStudioVersion = 10.0.40219.1
Project("{FAE04EC0-301F-11D3-BF4B-00C04F79EFBC}") = "Server", "Server\Server.csproj", "{5C28AEE0-320F-44F5-A2FC-4C1EB9E4CB8E}"
EndProject
Project("{FAE04EC0-301F-11D3-BF4B-00C04F79EFBC}") = "Grains", "Grains\Grains.csproj", "{C3C497BD-B21D-40E0-AB79-5CEE2558E06A}"
EndProject
Project("{FAE04EC0-301F-11D3-BF4B-00C04F79EFBC}") = "Grains.Interfaces", "Grains.Interfaces\Grains.Interfaces.csproj", "{0290898C-AE43-4D5B-BD3D-9F74FD0FB385}"
EndProject
Project("{FAE04EC0-301F-11D3-BF4B-00C04F79EFBC}") = "Client", "Client\Client.csproj", "{0E03FDDE-FBBC-4D5F-980C-280D661E3F7F}"
EndProject
Global
	GlobalSection(SolutionConfigurationPlatforms) = preSolution
		Debug|Any CPU = Debug|Any CPU
		Release|Any CPU = Release|Any CPU
	EndGlobalSection
	GlobalSection(ProjectConfigurationPlatforms) = postSolution
		{5C28AEE0-320F-44F5-A2FC-4C1EB9E4CB8E}.Debug|Any CPU.ActiveCfg = Debug|Any CPU
		{5C28AEE0-320F-44F5-A2FC-4C1EB9E4CB8E}.Debug|Any CPU.Build.0 = Debug|Any CPU
		{5C28AEE0-320F-44F5-A2FC-4C1EB9E4CB8E}.Release|Any CPU.ActiveCfg = Release|Any CPU
		{5C28AEE0-320F-44F5-A2FC-4C1EB9E4CB8E}.Release|Any CPU.Build.0 = Release|Any CPU
		{C3C497BD-B21D-40E0-AB79-5CEE2558E06A}.Debug|Any CPU.ActiveCfg = Debug|Any CPU
		{C3C497BD-B21D-40E0-AB79-5CEE2558E06A}.Debug|Any CPU.Build.0 = Debug|Any CPU
		{C3C497BD-B21D-40E0-AB79-5CEE2558E06A}.Release|Any CPU.ActiveCfg = Release|Any CPU
		{C3C497BD-B21D-40E0-AB79-5CEE2558E06A}.Release|Any CPU.Build.0 = Release|Any CPU
		{0290898C-AE43-4D5B-BD3D-9F74FD0FB385}.Debug|Any CPU.ActiveCfg = Debug|Any CPU
		{0290898C-AE43-4D5B-BD3D-9F74FD0FB385}.Debug|Any CPU.Build.0 = Debug|Any CPU
		{0290898C-AE43-4D5B-BD3D-9F74FD0FB385}.Release|Any CPU.ActiveCfg = Release|Any CPU
		{0290898C-AE43-4D5B-BD3D-9F74FD0FB385}.Release|Any CPU.Build.0 = Release|Any CPU
		{0E03FDDE-FBBC-4D5F-980C-280D661E3F7F}.Debug|Any CPU.ActiveCfg = Debug|Any CPU
		{0E03FDDE-FBBC-4D5F-980C-280D661E3F7F}.Debug|Any CPU.Build.0 = Debug|Any CPU
		{0E03FDDE-FBBC-4D5F-980C-280D661E3F7F}.Release|Any CPU.ActiveCfg = Release|Any CPU
		{0E03FDDE-FBBC-4D5F-980C-280D661E3F7F}.Release|Any CPU.Build.0 = Release|Any CPU
	EndGlobalSection
	GlobalSection(SolutionProperties) = preSolution
		HideSolutionNode = FALSE
	EndGlobalSection
	GlobalSection(ExtensibilityGlobals) = postSolution
		SolutionGuid = {9BCF2627-BF99-42F2-B99D-C372FC3D8392}
	EndGlobalSection
EndGlobal
